
Microsoft Visual Studio Solution File, Format Version 12.00
# Visual Studio Version 17
VisualStudioVersion = 17.2.32630.192
MinimumVisualStudioVersion = 10.0.40219.1
Project("{FAE04EC0-301F-11D3-BF4B-00C04F79EFBC}") = "Products.API", "Products.API\Products.API.csproj", "{5939E8E6-78EF-4671-9438-8F436ECC44E8}"
EndProject
Global
	GlobalSection(SolutionConfigurationPlatforms) = preSolution
		Debug|Any CPU = Debug|Any CPU
		Release|Any CPU = Release|Any CPU
	EndGlobalSection
	GlobalSection(ProjectConfigurationPlatforms) = postSolution
		{5939E8E6-78EF-4671-9438-8F436ECC44E8}.Debug|Any CPU.ActiveCfg = Debug|Any CPU
		{5939E8E6-78EF-4671-9438-8F436ECC44E8}.Debug|Any CPU.Build.0 = Debug|Any CPU
		{5939E8E6-78EF-4671-9438-8F436ECC44E8}.Release|Any CPU.ActiveCfg = Release|Any CPU
		{5939E8E6-78EF-4671-9438-8F436ECC44E8}.Release|Any CPU.Build.0 = Release|Any CPU
	EndGlobalSection
	GlobalSection(SolutionProperties) = preSolution
		HideSolutionNode = FALSE
	EndGlobalSection
	GlobalSection(ExtensibilityGlobals) = postSolution
		SolutionGuid = {7BC747FB-5C5A-4A99-A88B-E328DEE30D06}
	EndGlobalSection
EndGlobal
